PODS:
  - Cloudinary (2.9.0):
    - Cloudinary/ios (= 2.9.0)
  - Cloudinary/ios (2.9.0)

DEPENDENCIES:
  - Cloudinary

SPEC REPOS:
  https://github.com/CocoaPods/Specs.git:
    - Cloudinary

SPEC CHECKSUMS:
  Cloudinary: 8e9511826bd58df6b14f0c6c042f2c5a034081f4

PODFILE CHECKSUM: e98469f9e6258b4afb5dac3e7c5a1fe13283ee22

COCOAPODS: 1.9.3
